PODS:
  - boost-for-react-native (1.63.0)
  - DoubleConversion (1.1.6)
  - EXApplication (2.1.1):
    - UMCore
  - EXAppLoaderProvider (7.0.0)
  - EXConstants (7.0.1):
    - UMConstantsInterface
    - UMCore
  - EXFileSystem (7.0.0):
    - UMCore
    - UMFileSystemInterface
  - EXPermissions (7.0.0):
    - UMCore
    - UMPermissionsInterface
  - Folly (2018.10.22.00):
    - boost-for-react-native
    - DoubleConversion
    - glog
  - glog (0.3.5)
  - React (0.59.10):
    - React/Core (= 0.59.10)
  - react-native-image-picker (0.14.3):
    - React
  - react-native-netinfo (3.2.1):
    - React
  - react-native-notifications (1.5.0):
    - React
  - react-native-orientation (3.1.3):
    - React
  - react-native-photo-view (1.5.2):
    - React
  - react-native-safari-view (1.0.0):
    - React
  - react-native-safe-area (0.4.4):
    - React
  - react-native-simple-toast (1.0.0):
    - React
    - Toast (~> 4.0.0)
  - react-native-webview (5.12.1):
    - React
  - React/ART (0.59.10):
    - React/Core
  - React/Core (0.59.10):
    - yoga (= 0.59.10.React)
  - React/CxxBridge (0.59.10):
    - Folly (= 2018.10.22.00)
    - React/Core
    - React/cxxreact
    - React/jsiexecutor
  - React/cxxreact (0.59.10):
    - boost-for-react-native (= 1.63.0)
    - DoubleConversion
    - Folly (= 2018.10.22.00)
    - glog
    - React/jsinspector
  - React/DevSupport (0.59.10):
    - React/Core
    - React/RCTWebSocket
  - React/fishhook (0.59.10)
  - React/jsi (0.59.10):
    - DoubleConversion
    - Folly (= 2018.10.22.00)
    - glog
  - React/jsiexecutor (0.59.10):
    - DoubleConversion
    - Folly (= 2018.10.22.00)
    - glog
    - React/cxxreact
    - React/jsi
  - React/jsinspector (0.59.10)
  - React/RCTActionSheet (0.59.10):
    - React/Core
  - React/RCTAnimation (0.59.10):
    - React/Core
  - React/RCTBlob (0.59.10):
    - React/Core
  - React/RCTCameraRoll (0.59.10):
    - React/Core
    - React/RCTImage
  - React/RCTGeolocation (0.59.10):
    - React/Core
  - React/RCTImage (0.59.10):
    - React/Core
    - React/RCTNetwork
  - React/RCTLinkingIOS (0.59.10):
    - React/Core
  - React/RCTNetwork (0.59.10):
    - React/Core
  - React/RCTPushNotification (0.59.10):
    - React/Core
  - React/RCTSettings (0.59.10):
    - React/Core
  - React/RCTText (0.59.10):
    - React/Core
  - React/RCTVibration (0.59.10):
    - React/Core
  - React/RCTWebSocket (0.59.10):
    - React/Core
    - React/fishhook
    - React/RCTBlob
  - rn-fetch-blob (0.10.6):
    - React/Core
  - RNCAsyncStorage (1.6.3):
    - React
  - RNDeviceInfo (0.21.5):
    - React
  - RNSentry (1.0.9):
    - React
    - Sentry (~> 4.4.0)
  - RNSound (0.10.12):
    - React/Core
    - RNSound/Core (= 0.10.12)
  - RNSound/Core (0.10.12):
    - React/Core
  - RNVectorIcons (6.6.0):
    - React
  - Sentry (4.4.3):
    - Sentry/Core (= 4.4.3)
  - Sentry/Core (4.4.3)
  - Toast (4.0.0)
  - UMBarCodeScannerInterface (4.0.0)
  - UMCameraInterface (4.0.0)
  - UMConstantsInterface (4.0.0)
  - UMCore (4.0.0)
  - UMFaceDetectorInterface (4.0.0)
  - UMFileSystemInterface (4.0.0)
  - UMFontInterface (4.0.0)
  - UMImageLoaderInterface (4.0.0)
  - UMPermissionsInterface (4.0.0)
  - UMReactNativeAdapter (4.0.0):
    - React
    - UMCore
    - UMFontInterface
  - UMSensorsInterface (4.0.0)
  - UMTaskManagerInterface (4.0.0)
  - yoga (0.59.10.React)

DEPENDENCIES:
  - DoubleConversion (from `../node_modules/react-native/third-party-podspecs/DoubleConversion.podspec`)
  - EXApplication (from `../node_modules/expo-application/ios`)
  - EXAppLoaderProvider (from `../node_modules/expo-app-loader-provider/ios`)
  - EXConstants (from `../node_modules/expo-constants/ios`)
  - EXFileSystem (from `../node_modules/expo-file-system/ios`)
  - EXPermissions (from `../node_modules/expo-permissions/ios`)
  - Folly (from `../node_modules/react-native/third-party-podspecs/Folly.podspec`)
  - glog (from `../node_modules/react-native/third-party-podspecs/glog.podspec`)
  - react-native-image-picker (from `../node_modules/react-native-image-picker`)
  - "react-native-netinfo (from `../node_modules/@react-native-community/netinfo`)"
  - react-native-notifications (from `../node_modules/react-native-notifications`)
  - react-native-orientation (from `../node_modules/react-native-orientation`)
  - react-native-photo-view (from `../node_modules/react-native-photo-view`)
  - react-native-safari-view (from `../node_modules/react-native-safari-view`)
  - react-native-safe-area (from `../node_modules/react-native-safe-area`)
  - react-native-simple-toast (from `../node_modules/react-native-simple-toast`)
  - react-native-webview (from `../node_modules/react-native-webview`)
  - React/ART (from `../node_modules/react-native`)
  - React/Core (from `../node_modules/react-native`)
  - React/CxxBridge (from `../node_modules/react-native`)
  - React/DevSupport (from `../node_modules/react-native`)
  - React/RCTActionSheet (from `../node_modules/react-native`)
  - React/RCTAnimation (from `../node_modules/react-native`)
  - React/RCTCameraRoll (from `../node_modules/react-native`)
  - React/RCTGeolocation (from `../node_modules/react-native`)
  - React/RCTImage (from `../node_modules/react-native`)
  - React/RCTLinkingIOS (from `../node_modules/react-native`)
  - React/RCTNetwork (from `../node_modules/react-native`)
  - React/RCTPushNotification (from `../node_modules/react-native`)
  - React/RCTSettings (from `../node_modules/react-native`)
  - React/RCTText (from `../node_modules/react-native`)
  - React/RCTVibration (from `../node_modules/react-native`)
  - React/RCTWebSocket (from `../node_modules/react-native`)
  - rn-fetch-blob (from `../node_modules/rn-fetch-blob`)
  - "RNCAsyncStorage (from `../node_modules/@react-native-community/async-storage`)"
  - RNDeviceInfo (from `../node_modules/react-native-device-info`)
  - "RNSentry (from `../node_modules/@sentry/react-native`)"
  - RNSound (from `../node_modules/react-native-sound`)
  - RNVectorIcons (from `../node_modules/react-native-vector-icons`)
  - UMBarCodeScannerInterface (from `../node_modules/unimodules-barcode-scanner-interface/ios`)
  - UMCameraInterface (from `../node_modules/unimodules-camera-interface/ios`)
  - UMConstantsInterface (from `../node_modules/unimodules-constants-interface/ios`)
  - "UMCore (from `../node_modules/@unimodules/core/ios`)"
  - UMFaceDetectorInterface (from `../node_modules/unimodules-face-detector-interface/ios`)
  - UMFileSystemInterface (from `../node_modules/unimodules-file-system-interface/ios`)
  - UMFontInterface (from `../node_modules/unimodules-font-interface/ios`)
  - UMImageLoaderInterface (from `../node_modules/unimodules-image-loader-interface/ios`)
  - UMPermissionsInterface (from `../node_modules/unimodules-permissions-interface/ios`)
  - "UMReactNativeAdapter (from `../node_modules/@unimodules/react-native-adapter/ios`)"
  - UMSensorsInterface (from `../node_modules/unimodules-sensors-interface/ios`)
  - UMTaskManagerInterface (from `../node_modules/unimodules-task-manager-interface/ios`)
  - yoga (from `../node_modules/react-native/ReactCommon/yoga`)

SPEC REPOS:
  trunk:
    - boost-for-react-native
    - Sentry
    - Toast

EXTERNAL SOURCES:
  DoubleConversion:
    :podspec: "../node_modules/react-native/third-party-podspecs/DoubleConversion.podspec"
  EXApplication:
    :path: !ruby/object:Pathname
    path: "../node_modules/expo-application/ios"
  EXAppLoaderProvider:
    :path: !ruby/object:Pathname
    path: "../node_modules/expo-app-loader-provider/ios"
  EXConstants:
    :path: !ruby/object:Pathname
    path: "../node_modules/expo-constants/ios"
  EXFileSystem:
    :path: !ruby/object:Pathname
    path: "../node_modules/expo-file-system/ios"
  EXPermissions:
    :path: !ruby/object:Pathname
    path: "../node_modules/expo-permissions/ios"
  Folly:
    :podspec: "../node_modules/react-native/third-party-podspecs/Folly.podspec"
  glog:
    :podspec: "../node_modules/react-native/third-party-podspecs/glog.podspec"
  React:
    :path: "../node_modules/react-native"
  react-native-image-picker:
    :path: "../node_modules/react-native-image-picker"
  react-native-netinfo:
    :path: "../node_modules/@react-native-community/netinfo"
  react-native-notifications:
    :path: "../node_modules/react-native-notifications"
  react-native-orientation:
    :path: "../node_modules/react-native-orientation"
  react-native-photo-view:
    :path: "../node_modules/react-native-photo-view"
  react-native-safari-view:
    :path: "../node_modules/react-native-safari-view"
  react-native-safe-area:
    :path: "../node_modules/react-native-safe-area"
  react-native-simple-toast:
    :path: "../node_modules/react-native-simple-toast"
  react-native-webview:
    :path: "../node_modules/react-native-webview"
  rn-fetch-blob:
    :path: "../node_modules/rn-fetch-blob"
  RNCAsyncStorage:
    :path: "../node_modules/@react-native-community/async-storage"
  RNDeviceInfo:
    :path: "../node_modules/react-native-device-info"
  RNSentry:
    :path: "../node_modules/@sentry/react-native"
  RNSound:
    :path: "../node_modules/react-native-sound"
  RNVectorIcons:
    :path: "../node_modules/react-native-vector-icons"
  UMBarCodeScannerInterface:
    :path: !ruby/object:Pathname
    path: "../node_modules/unimodules-barcode-scanner-interface/ios"
  UMCameraInterface:
    :path: !ruby/object:Pathname
    path: "../node_modules/unimodules-camera-interface/ios"
  UMConstantsInterface:
    :path: !ruby/object:Pathname
    path: "../node_modules/unimodules-constants-interface/ios"
  UMCore:
    :path: !ruby/object:Pathname
    path: "../node_modules/@unimodules/core/ios"
  UMFaceDetectorInterface:
    :path: !ruby/object:Pathname
    path: "../node_modules/unimodules-face-detector-interface/ios"
  UMFileSystemInterface:
    :path: !ruby/object:Pathname
    path: "../node_modules/unimodules-file-system-interface/ios"
  UMFontInterface:
    :path: !ruby/object:Pathname
    path: "../node_modules/unimodules-font-interface/ios"
  UMImageLoaderInterface:
    :path: !ruby/object:Pathname
    path: "../node_modules/unimodules-image-loader-interface/ios"
  UMPermissionsInterface:
    :path: !ruby/object:Pathname
    path: "../node_modules/unimodules-permissions-interface/ios"
  UMReactNativeAdapter:
    :path: !ruby/object:Pathname
    path: "../node_modules/@unimodules/react-native-adapter/ios"
  UMSensorsInterface:
    :path: !ruby/object:Pathname
    path: "../node_modules/unimodules-sensors-interface/ios"
  UMTaskManagerInterface:
    :path: !ruby/object:Pathname
    path: "../node_modules/unimodules-task-manager-interface/ios"
  yoga:
    :path: "../node_modules/react-native/ReactCommon/yoga"

SPEC CHECKSUMS:
  boost-for-react-native: 39c7adb57c4e60d6c5479dd8623128eb5b3f0f2c
  DoubleConversion: bb338842f62ab1d708ceb63ec3d999f0f3d98ecd
  EXApplication: 7cf81de6fafccff42f5d1caa5c24a159db6b9437
  EXAppLoaderProvider: 5d348813a9cf09b03bbe5b8b55437bc1bfbddbd1
  EXConstants: 857aa7b1c84e2878f8402d712061860bca16a697
  EXFileSystem: 7e53a2c30a2eb6987ba6d5158ab908f947523228
  EXPermissions: df10ad83df2f6b647aec304619354f8ab48d5f63
  Folly: de497beb10f102453a1afa9edbf8cf8a251890de
  glog: aefd1eb5dda2ab95ba0938556f34b98e2da3a60d
  React: 36d0768f9e93be2473b37e7fa64f92c1d5341eef
  react-native-image-picker: 3693786b3d5958c8f71deed66ec068b323565e0d
  react-native-netinfo: 0da34082d2cec3100c9b5073bb217e35f1142bdd
  react-native-notifications: ce37363008fe2d6a226da4e721eace23b6ae3ad9
  react-native-orientation: f1caf84d65f1a4fd4511a18f2b924e634ad7a628
  react-native-photo-view: 63e9e61da873531f931008b545d8d10c5373ddf8
  react-native-safari-view: 955d7160d159241b8e9395d12d10ea0ef863dcdd
  react-native-safe-area: 5fce5242419932bc05656f31bc5f0716e30be0f6
  react-native-simple-toast: 6c376bd79b1e255a4bee90a72ead6447f96ea10d
  react-native-webview: 5036ed4a973ad1deeeff118262d2df7b60b3419d
  rn-fetch-blob: 766f85cabd2992300dfa1be2bc9e4e258abc6f04
  RNCAsyncStorage: 3c304d1adfaea02ec732ac218801cb13897aa8c0
  RNDeviceInfo: e7c5fcde13d40e161d8a27f6c5dc69c638936002
  RNSentry: 2803ba8c8129dcf26b79e9b4d8c80168be6e4390
  RNSound: a1d01988e043aed5dbb476c2152b5ffb02446750
  RNVectorIcons: 0bb4def82230be1333ddaeee9fcba45f0b288ed4
  Sentry: 14bdd673870e8cf64932b149fad5bbbf39a9b390
  Toast: 91b396c56ee72a5790816f40d3a94dd357abc196
  UMBarCodeScannerInterface: d5a6fdc98ed6241225b0a8432a7f4e2b397668bc
  UMCameraInterface: 68870a3197fee85bd5afca5609ba4a5b7257d19d
  UMConstantsInterface: d25b8e8887ca7aaf568c06caf08f4d40734ee4ef
  UMCore: 402cee150324974974f5c32b5404d8af65e4cff5
  UMFaceDetectorInterface: 7b4f1a92f0c726b58b086296048efe193b570678
  UMFileSystemInterface: aadb9a67aa6470d7ebc06cf04dc54fee6781ac48
  UMFontInterface: 2d3c128285086bbed3d2a650f1d698323ef3b25a
  UMImageLoaderInterface: 2829a7571a12d2e754c73c55ffe7e327d8402c7d
  UMPermissionsInterface: b6a6e96db0f4011a25aaca14e6022529dd3d6e4e
  UMReactNativeAdapter: 93c2f520a1cdb6ef3058a7b6a95275a804e0923b
  UMSensorsInterface: cf59dd7602764a2419e00167429be3e4be39c61d
  UMTaskManagerInterface: 1e70fe58b872355f0ecb44fb81bb1a16484047f0
  yoga: 684513b14b03201579ba3cee20218c9d1298b0cc

PODFILE CHECKSUM: cd903beb3d2f5d52d678d086a822d15d2b11b926

COCOAPODS: 1.9.1
