PODS:
  - boost-for-react-native (1.63.0)
  - DoubleConversion (1.1.6)
  - Folly (2018.10.22.00):
    - boost-for-react-native
    - DoubleConversion
    - glog
  - glog (0.3.5)
  - React (0.59.10):
    - React/Core (= 0.59.10)
  - react-native-image-picker (0.14.3):
    - React
  - react-native-netinfo (3.2.1):
    - React
  - react-native-notifications (1.5.0):
    - React
  - react-native-orientation (3.1.3):
    - React
  - react-native-photo-view (1.5.2):
    - React
  - react-native-safari-view (1.0.0):
    - React
  - react-native-safe-area (0.4.4):
    - React
  - react-native-simple-toast (1.0.0):
    - React
    - Toast (~> 4.0.0)
  - react-native-webview (5.12.1):
    - React
  - React/ART (0.59.10):
    - React/Core
  - React/Core (0.59.10):
    - yoga (= 0.59.10.React)
  - React/CxxBridge (0.59.10):
    - Folly (= 2018.10.22.00)
    - React/Core
    - React/cxxreact
    - React/jsiexecutor
  - React/cxxreact (0.59.10):
    - boost-for-react-native (= 1.63.0)
    - DoubleConversion
    - Folly (= 2018.10.22.00)
    - glog
    - React/jsinspector
  - React/DevSupport (0.59.10):
    - React/Core
    - React/RCTWebSocket
  - React/fishhook (0.59.10)
  - React/jsi (0.59.10):
    - DoubleConversion
    - Folly (= 2018.10.22.00)
    - glog
  - React/jsiexecutor (0.59.10):
    - DoubleConversion
    - Folly (= 2018.10.22.00)
    - glog
    - React/cxxreact
    - React/jsi
  - React/jsinspector (0.59.10)
  - React/RCTActionSheet (0.59.10):
    - React/Core
  - React/RCTAnimation (0.59.10):
    - React/Core
  - React/RCTBlob (0.59.10):
    - React/Core
  - React/RCTCameraRoll (0.59.10):
    - React/Core
    - React/RCTImage
  - React/RCTGeolocation (0.59.10):
    - React/Core
  - React/RCTImage (0.59.10):
    - React/Core
    - React/RCTNetwork
  - React/RCTLinkingIOS (0.59.10):
    - React/Core
  - React/RCTNetwork (0.59.10):
    - React/Core
  - React/RCTPushNotification (0.59.10):
    - React/Core
  - React/RCTSettings (0.59.10):
    - React/Core
  - React/RCTText (0.59.10):
    - React/Core
  - React/RCTVibration (0.59.10):
    - React/Core
  - React/RCTWebSocket (0.59.10):
    - React/Core
    - React/fishhook
    - React/RCTBlob
  - rn-fetch-blob (0.10.6):
    - React/Core
  - RNCAsyncStorage (1.6.3):
    - React
  - RNDeviceInfo (0.21.5):
    - React
  - RNSentry (1.0.9):
    - React
    - Sentry (~> 4.4.0)
  - RNSound (0.10.12):
    - React/Core
    - RNSound/Core (= 0.10.12)
  - RNSound/Core (0.10.12):
    - React/Core
  - RNVectorIcons (6.6.0):
    - React
  - Sentry (4.4.3):
    - Sentry/Core (= 4.4.3)
  - Sentry/Core (4.4.3)
  - Toast (4.0.0)
  - yoga (0.59.10.React)

DEPENDENCIES:
  - DoubleConversion (from `../node_modules/react-native/third-party-podspecs/DoubleConversion.podspec`)
  - Folly (from `../node_modules/react-native/third-party-podspecs/Folly.podspec`)
  - glog (from `../node_modules/react-native/third-party-podspecs/glog.podspec`)
  - react-native-image-picker (from `../node_modules/react-native-image-picker`)
  - "react-native-netinfo (from `../node_modules/@react-native-community/netinfo`)"
  - react-native-notifications (from `../node_modules/react-native-notifications`)
  - react-native-orientation (from `../node_modules/react-native-orientation`)
  - react-native-photo-view (from `../node_modules/react-native-photo-view`)
  - react-native-safari-view (from `../node_modules/react-native-safari-view`)
  - react-native-safe-area (from `../node_modules/react-native-safe-area`)
  - react-native-simple-toast (from `../node_modules/react-native-simple-toast`)
  - react-native-webview (from `../node_modules/react-native-webview`)
  - React/ART (from `../node_modules/react-native`)
  - React/Core (from `../node_modules/react-native`)
  - React/CxxBridge (from `../node_modules/react-native`)
  - React/DevSupport (from `../node_modules/react-native`)
  - React/RCTActionSheet (from `../node_modules/react-native`)
  - React/RCTAnimation (from `../node_modules/react-native`)
  - React/RCTCameraRoll (from `../node_modules/react-native`)
  - React/RCTGeolocation (from `../node_modules/react-native`)
  - React/RCTImage (from `../node_modules/react-native`)
  - React/RCTLinkingIOS (from `../node_modules/react-native`)
  - React/RCTNetwork (from `../node_modules/react-native`)
  - React/RCTPushNotification (from `../node_modules/react-native`)
  - React/RCTSettings (from `../node_modules/react-native`)
  - React/RCTText (from `../node_modules/react-native`)
  - React/RCTVibration (from `../node_modules/react-native`)
  - React/RCTWebSocket (from `../node_modules/react-native`)
  - rn-fetch-blob (from `../node_modules/rn-fetch-blob`)
  - "RNCAsyncStorage (from `../node_modules/@react-native-community/async-storage`)"
  - RNDeviceInfo (from `../node_modules/react-native-device-info`)
  - "RNSentry (from `../node_modules/@sentry/react-native`)"
  - RNSound (from `../node_modules/react-native-sound`)
  - RNVectorIcons (from `../node_modules/react-native-vector-icons`)
  - yoga (from `../node_modules/react-native/ReactCommon/yoga`)

SPEC REPOS:
  trunk:
    - boost-for-react-native
    - Sentry
    - Toast

EXTERNAL SOURCES:
  DoubleConversion:
    :podspec: "../node_modules/react-native/third-party-podspecs/DoubleConversion.podspec"
  Folly:
    :podspec: "../node_modules/react-native/third-party-podspecs/Folly.podspec"
  glog:
    :podspec: "../node_modules/react-native/third-party-podspecs/glog.podspec"
  React:
    :path: "../node_modules/react-native"
  react-native-image-picker:
    :path: "../node_modules/react-native-image-picker"
  react-native-netinfo:
    :path: "../node_modules/@react-native-community/netinfo"
  react-native-notifications:
    :path: "../node_modules/react-native-notifications"
  react-native-orientation:
    :path: "../node_modules/react-native-orientation"
  react-native-photo-view:
    :path: "../node_modules/react-native-photo-view"
  react-native-safari-view:
    :path: "../node_modules/react-native-safari-view"
  react-native-safe-area:
    :path: "../node_modules/react-native-safe-area"
  react-native-simple-toast:
    :path: "../node_modules/react-native-simple-toast"
  react-native-webview:
    :path: "../node_modules/react-native-webview"
  rn-fetch-blob:
    :path: "../node_modules/rn-fetch-blob"
  RNCAsyncStorage:
    :path: "../node_modules/@react-native-community/async-storage"
  RNDeviceInfo:
    :path: "../node_modules/react-native-device-info"
  RNSentry:
    :path: "../node_modules/@sentry/react-native"
  RNSound:
    :path: "../node_modules/react-native-sound"
  RNVectorIcons:
    :path: "../node_modules/react-native-vector-icons"
  yoga:
    :path: "../node_modules/react-native/ReactCommon/yoga"

SPEC CHECKSUMS:
  boost-for-react-native: 39c7adb57c4e60d6c5479dd8623128eb5b3f0f2c
  DoubleConversion: bb338842f62ab1d708ceb63ec3d999f0f3d98ecd
  Folly: de497beb10f102453a1afa9edbf8cf8a251890de
  glog: aefd1eb5dda2ab95ba0938556f34b98e2da3a60d
  React: 36d0768f9e93be2473b37e7fa64f92c1d5341eef
  react-native-image-picker: 3693786b3d5958c8f71deed66ec068b323565e0d
  react-native-netinfo: 0da34082d2cec3100c9b5073bb217e35f1142bdd
  react-native-notifications: ce37363008fe2d6a226da4e721eace23b6ae3ad9
  react-native-orientation: f1caf84d65f1a4fd4511a18f2b924e634ad7a628
  react-native-photo-view: 63e9e61da873531f931008b545d8d10c5373ddf8
  react-native-safari-view: 955d7160d159241b8e9395d12d10ea0ef863dcdd
  react-native-safe-area: 5fce5242419932bc05656f31bc5f0716e30be0f6
  react-native-simple-toast: 6c376bd79b1e255a4bee90a72ead6447f96ea10d
  react-native-webview: 5036ed4a973ad1deeeff118262d2df7b60b3419d
  rn-fetch-blob: 766f85cabd2992300dfa1be2bc9e4e258abc6f04
  RNCAsyncStorage: 3c304d1adfaea02ec732ac218801cb13897aa8c0
  RNDeviceInfo: e7c5fcde13d40e161d8a27f6c5dc69c638936002
  RNSentry: 2803ba8c8129dcf26b79e9b4d8c80168be6e4390
  RNSound: a1d01988e043aed5dbb476c2152b5ffb02446750
  RNVectorIcons: 0bb4def82230be1333ddaeee9fcba45f0b288ed4
  Sentry: 14bdd673870e8cf64932b149fad5bbbf39a9b390
  Toast: 91b396c56ee72a5790816f40d3a94dd357abc196
  yoga: 684513b14b03201579ba3cee20218c9d1298b0cc

PODFILE CHECKSUM: 882347e8d497f7575a47b2d21471f49b106eed82

COCOAPODS: 1.8.4
