PODS:
  - boost-for-react-native (1.63.0)
  - CocoaAsyncSocket (7.6.5)
  - DoubleConversion (1.1.6)
  - EXAppleAuthentication (3.2.1):
    - UMCore
  - EXApplication (3.2.0):
    - UMCore
  - EXConstants (11.0.1):
    - ExpoModulesCore
    - UMCore
  - EXFileSystem (11.1.3):
    - ExpoModulesCore
    - UMCore
  - EXImageLoader (2.2.0):
    - ExpoModulesCore
    - React-Core
    - UMCore
  - ExpoModulesCore (0.2.0):
    - ExpoModulesCore/Core (= 0.2.0)
    - ExpoModulesCore/Interfaces (= 0.2.0)
    - UMCore
  - ExpoModulesCore/Core (0.2.0):
    - UMCore
  - ExpoModulesCore/Interfaces (0.2.0):
    - ExpoModulesCore/Core
    - UMCore
  - EXScreenOrientation (3.2.1):
    - React-Core
    - UMCore
  - EXWebBrowser (9.2.0):
    - UMCore
  - FBLazyVector (0.63.4)
  - FBReactNativeSpec (0.63.4):
    - Folly (= 2020.01.13.00)
    - RCTRequired (= 0.63.4)
    - RCTTypeSafety (= 0.63.4)
    - React-Core (= 0.63.4)
    - React-jsi (= 0.63.4)
    - ReactCommon/turbomodule/core (= 0.63.4)
  - Flipper (0.75.1):
    - Flipper-Folly (~> 2.5)
    - Flipper-RSocket (~> 1.3)
  - Flipper-DoubleConversion (1.1.7)
  - Flipper-Folly (2.5.3):
    - boost-for-react-native
    - Flipper-DoubleConversion
    - Flipper-Glog
    - libevent (~> 2.1.12)
    - OpenSSL-Universal (= 1.1.180)
  - Flipper-Glog (0.3.6)
  - Flipper-PeerTalk (0.0.4)
  - Flipper-RSocket (1.3.1):
    - Flipper-Folly (~> 2.5)
  - FlipperKit (0.75.1):
    - FlipperKit/Core (= 0.75.1)
  - FlipperKit/Core (0.75.1):
    - Flipper (~> 0.75.1)
    - FlipperKit/CppBridge
    - FlipperKit/FBCxxFollyDynamicConvert
    - FlipperKit/FBDefines
    - FlipperKit/FKPortForwarding
  - FlipperKit/CppBridge (0.75.1):
    - Flipper (~> 0.75.1)
  - FlipperKit/FBCxxFollyDynamicConvert (0.75.1):
    - Flipper-Folly (~> 2.5)
  - FlipperKit/FBDefines (0.75.1)
  - FlipperKit/FKPortForwarding (0.75.1):
    - CocoaAsyncSocket (~> 7.6)
    - Flipper-PeerTalk (~> 0.0.4)
  - FlipperKit/FlipperKitHighlightOverlay (0.75.1)
  - FlipperKit/FlipperKitLayoutPlugin (0.75.1):
    - FlipperKit/Core
    - FlipperKit/FlipperKitHighlightOverlay
    - FlipperKit/FlipperKitLayoutTextSearchable
    - YogaKit (~> 1.18)
  - FlipperKit/FlipperKitLayoutTextSearchable (0.75.1)
  - FlipperKit/FlipperKitNetworkPlugin (0.75.1):
    - FlipperKit/Core
  - FlipperKit/FlipperKitReactPlugin (0.75.1):
    - FlipperKit/Core
  - FlipperKit/FlipperKitUserDefaultsPlugin (0.75.1):
    - FlipperKit/Core
  - FlipperKit/SKIOSNetworkPlugin (0.75.1):
    - FlipperKit/Core
    - FlipperKit/FlipperKitNetworkPlugin
  - Folly (2020.01.13.00):
    - boost-for-react-native
    - DoubleConversion
    - Folly/Default (= 2020.01.13.00)
    - glog
  - Folly/Default (2020.01.13.00):
    - boost-for-react-native
    - DoubleConversion
    - glog
  - glog (0.3.5)
  - libevent (2.1.12)
  - OpenSSL-Universal (1.1.180)
  - RCTRequired (0.63.4)
  - RCTTypeSafety (0.63.4):
    - FBLazyVector (= 0.63.4)
    - Folly (= 2020.01.13.00)
    - RCTRequired (= 0.63.4)
    - React-Core (= 0.63.4)
  - React (0.63.4):
    - React-Core (= 0.63.4)
    - React-Core/DevSupport (= 0.63.4)
    - React-Core/RCTWebSocket (= 0.63.4)
    - React-RCTActionSheet (= 0.63.4)
    - React-RCTAnimation (= 0.63.4)
    - React-RCTBlob (= 0.63.4)
    - React-RCTImage (= 0.63.4)
    - React-RCTLinking (= 0.63.4)
    - React-RCTNetwork (= 0.63.4)
    - React-RCTSettings (= 0.63.4)
    - React-RCTText (= 0.63.4)
    - React-RCTVibration (= 0.63.4)
  - React-callinvoker (0.63.4)
  - React-Core (0.63.4):
    - Folly (= 2020.01.13.00)
    - glog
    - React-Core/Default (= 0.63.4)
    - React-cxxreact (= 0.63.4)
    - React-jsi (= 0.63.4)
    - React-jsiexecutor (= 0.63.4)
    - Yoga
  - React-Core/CoreModulesHeaders (0.63.4):
    - Folly (= 2020.01.13.00)
    - glog
    - React-Core/Default
    - React-cxxreact (= 0.63.4)
    - React-jsi (= 0.63.4)
    - React-jsiexecutor (= 0.63.4)
    - Yoga
  - React-Core/Default (0.63.4):
    - Folly (= 2020.01.13.00)
    - glog
    - React-cxxreact (= 0.63.4)
    - React-jsi (= 0.63.4)
    - React-jsiexecutor (= 0.63.4)
    - Yoga
  - React-Core/DevSupport (0.63.4):
    - Folly (= 2020.01.13.00)
    - glog
    - React-Core/Default (= 0.63.4)
    - React-Core/RCTWebSocket (= 0.63.4)
    - React-cxxreact (= 0.63.4)
    - React-jsi (= 0.63.4)
    - React-jsiexecutor (= 0.63.4)
    - React-jsinspector (= 0.63.4)
    - Yoga
  - React-Core/RCTActionSheetHeaders (0.63.4):
    - Folly (= 2020.01.13.00)
    - glog
    - React-Core/Default
    - React-cxxreact (= 0.63.4)
    - React-jsi (= 0.63.4)
    - React-jsiexecutor (= 0.63.4)
    - Yoga
  - React-Core/RCTAnimationHeaders (0.63.4):
    - Folly (= 2020.01.13.00)
    - glog
    - React-Core/Default
    - React-cxxreact (= 0.63.4)
    - React-jsi (= 0.63.4)
    - React-jsiexecutor (= 0.63.4)
    - Yoga
  - React-Core/RCTBlobHeaders (0.63.4):
    - Folly (= 2020.01.13.00)
    - glog
    - React-Core/Default
    - React-cxxreact (= 0.63.4)
    - React-jsi (= 0.63.4)
    - React-jsiexecutor (= 0.63.4)
    - Yoga
  - React-Core/RCTImageHeaders (0.63.4):
    - Folly (= 2020.01.13.00)
    - glog
    - React-Core/Default
    - React-cxxreact (= 0.63.4)
    - React-jsi (= 0.63.4)
    - React-jsiexecutor (= 0.63.4)
    - Yoga
  - React-Core/RCTLinkingHeaders (0.63.4):
    - Folly (= 2020.01.13.00)
    - glog
    - React-Core/Default
    - React-cxxreact (= 0.63.4)
    - React-jsi (= 0.63.4)
    - React-jsiexecutor (= 0.63.4)
    - Yoga
  - React-Core/RCTNetworkHeaders (0.63.4):
    - Folly (= 2020.01.13.00)
    - glog
    - React-Core/Default
    - React-cxxreact (= 0.63.4)
    - React-jsi (= 0.63.4)
    - React-jsiexecutor (= 0.63.4)
    - Yoga
  - React-Core/RCTSettingsHeaders (0.63.4):
    - Folly (= 2020.01.13.00)
    - glog
    - React-Core/Default
    - React-cxxreact (= 0.63.4)
    - React-jsi (= 0.63.4)
    - React-jsiexecutor (= 0.63.4)
    - Yoga
  - React-Core/RCTTextHeaders (0.63.4):
    - Folly (= 2020.01.13.00)
    - glog
    - React-Core/Default
    - React-cxxreact (= 0.63.4)
    - React-jsi (= 0.63.4)
    - React-jsiexecutor (= 0.63.4)
    - Yoga
  - React-Core/RCTVibrationHeaders (0.63.4):
    - Folly (= 2020.01.13.00)
    - glog
    - React-Core/Default
    - React-cxxreact (= 0.63.4)
    - React-jsi (= 0.63.4)
    - React-jsiexecutor (= 0.63.4)
    - Yoga
  - React-Core/RCTWebSocket (0.63.4):
    - Folly (= 2020.01.13.00)
    - glog
    - React-Core/Default (= 0.63.4)
    - React-cxxreact (= 0.63.4)
    - React-jsi (= 0.63.4)
    - React-jsiexecutor (= 0.63.4)
    - Yoga
  - React-CoreModules (0.63.4):
    - FBReactNativeSpec (= 0.63.4)
    - Folly (= 2020.01.13.00)
    - RCTTypeSafety (= 0.63.4)
    - React-Core/CoreModulesHeaders (= 0.63.4)
    - React-jsi (= 0.63.4)
    - React-RCTImage (= 0.63.4)
    - ReactCommon/turbomodule/core (= 0.63.4)
  - React-cxxreact (0.63.4):
    - boost-for-react-native (= 1.63.0)
    - DoubleConversion
    - Folly (= 2020.01.13.00)
    - glog
    - React-callinvoker (= 0.63.4)
    - React-jsinspector (= 0.63.4)
  - React-jsi (0.63.4):
    - boost-for-react-native (= 1.63.0)
    - DoubleConversion
    - Folly (= 2020.01.13.00)
    - glog
    - React-jsi/Default (= 0.63.4)
  - React-jsi/Default (0.63.4):
    - boost-for-react-native (= 1.63.0)
    - DoubleConversion
    - Folly (= 2020.01.13.00)
    - glog
  - React-jsiexecutor (0.63.4):
    - DoubleConversion
    - Folly (= 2020.01.13.00)
    - glog
    - React-cxxreact (= 0.63.4)
    - React-jsi (= 0.63.4)
  - React-jsinspector (0.63.4)
  - react-native-cameraroll (4.0.4):
    - React-Core
  - react-native-image-picker (2.3.4):
    - React-Core
  - react-native-netinfo (5.9.10):
    - React-Core
  - react-native-photo-view (1.5.2):
    - React
  - react-native-safe-area-context (3.2.0):
    - React-Core
  - react-native-simple-toast (1.1.3):
    - React-Core
    - Toast (~> 4.0.0)
  - react-native-webview (11.6.5):
    - React-Core
  - React-RCTActionSheet (0.63.4):
    - React-Core/RCTActionSheetHeaders (= 0.63.4)
  - React-RCTAnimation (0.63.4):
    - FBReactNativeSpec (= 0.63.4)
    - Folly (= 2020.01.13.00)
    - RCTTypeSafety (= 0.63.4)
    - React-Core/RCTAnimationHeaders (= 0.63.4)
    - React-jsi (= 0.63.4)
    - ReactCommon/turbomodule/core (= 0.63.4)
  - React-RCTBlob (0.63.4):
    - FBReactNativeSpec (= 0.63.4)
    - Folly (= 2020.01.13.00)
    - React-Core/RCTBlobHeaders (= 0.63.4)
    - React-Core/RCTWebSocket (= 0.63.4)
    - React-jsi (= 0.63.4)
    - React-RCTNetwork (= 0.63.4)
    - ReactCommon/turbomodule/core (= 0.63.4)
  - React-RCTImage (0.63.4):
    - FBReactNativeSpec (= 0.63.4)
    - Folly (= 2020.01.13.00)
    - RCTTypeSafety (= 0.63.4)
    - React-Core/RCTImageHeaders (= 0.63.4)
    - React-jsi (= 0.63.4)
    - React-RCTNetwork (= 0.63.4)
    - ReactCommon/turbomodule/core (= 0.63.4)
  - React-RCTLinking (0.63.4):
    - FBReactNativeSpec (= 0.63.4)
    - React-Core/RCTLinkingHeaders (= 0.63.4)
    - React-jsi (= 0.63.4)
    - ReactCommon/turbomodule/core (= 0.63.4)
  - React-RCTNetwork (0.63.4):
    - FBReactNativeSpec (= 0.63.4)
    - Folly (= 2020.01.13.00)
    - RCTTypeSafety (= 0.63.4)
    - React-Core/RCTNetworkHeaders (= 0.63.4)
    - React-jsi (= 0.63.4)
    - ReactCommon/turbomodule/core (= 0.63.4)
  - React-RCTSettings (0.63.4):
    - FBReactNativeSpec (= 0.63.4)
    - Folly (= 2020.01.13.00)
    - RCTTypeSafety (= 0.63.4)
    - React-Core/RCTSettingsHeaders (= 0.63.4)
    - React-jsi (= 0.63.4)
    - ReactCommon/turbomodule/core (= 0.63.4)
  - React-RCTText (0.63.4):
    - React-Core/RCTTextHeaders (= 0.63.4)
  - React-RCTVibration (0.63.4):
    - FBReactNativeSpec (= 0.63.4)
    - Folly (= 2020.01.13.00)
    - React-Core/RCTVibrationHeaders (= 0.63.4)
    - React-jsi (= 0.63.4)
    - ReactCommon/turbomodule/core (= 0.63.4)
  - ReactCommon/turbomodule/core (0.63.4):
    - DoubleConversion
    - Folly (= 2020.01.13.00)
    - glog
    - React-callinvoker (= 0.63.4)
    - React-Core (= 0.63.4)
    - React-cxxreact (= 0.63.4)
    - React-jsi (= 0.63.4)
  - rn-fetch-blob (0.11.2):
    - React-Core
  - RNCAsyncStorage (1.15.5):
    - React-Core
  - RNCMaskedView (0.1.11):
    - React
  - RNCPushNotificationIOS (1.8.0):
    - React-Core
  - RNDeviceInfo (8.1.7):
    - React-Core
  - RNGestureHandler (1.10.3):
    - React-Core
  - RNReanimated (1.13.3):
    - React-Core
  - RNSentry (2.6.0):
    - React-Core
    - Sentry (= 7.0.0)
  - RNSound (0.11.0):
    - React
    - RNSound/Core (= 0.11.0)
  - RNSound/Core (0.11.0):
    - React
  - RNVectorIcons (7.0.0):
    - React
  - Sentry (7.0.0):
    - Sentry/Core (= 7.0.0)
  - Sentry/Core (7.0.0)
  - Toast (4.0.0)
  - UMAppLoader (2.2.0)
  - UMCore (7.1.1)
  - UMReactNativeAdapter (6.3.5):
    - ExpoModulesCore
    - React-Core
    - UMCore
  - UMTaskManagerInterface (6.2.0):
    - UMCore
  - Yoga (1.14.0)
  - YogaKit (1.18.1):
    - Yoga (~> 1.14)

DEPENDENCIES:
  - DoubleConversion (from `../node_modules/react-native/third-party-podspecs/DoubleConversion.podspec`)
  - EXAppleAuthentication (from `../node_modules/expo-apple-authentication/ios`)
  - EXApplication (from `../node_modules/expo-application/ios`)
  - EXConstants (from `../node_modules/expo-constants/ios`)
  - EXFileSystem (from `../node_modules/expo-file-system/ios`)
  - EXImageLoader (from `../node_modules/expo-image-loader/ios`)
  - ExpoModulesCore (from `../node_modules/expo-modules-core/ios`)
  - EXScreenOrientation (from `../node_modules/expo-screen-orientation/ios`)
  - EXWebBrowser (from `../node_modules/expo-web-browser/ios`)
  - FBLazyVector (from `../node_modules/react-native/Libraries/FBLazyVector`)
  - FBReactNativeSpec (from `../node_modules/react-native/Libraries/FBReactNativeSpec`)
  - Flipper (= 0.75.1)
  - Flipper-DoubleConversion (= 1.1.7)
  - Flipper-Folly (= 2.5.3)
  - Flipper-Glog (= 0.3.6)
  - Flipper-PeerTalk (~> 0.0.4)
  - Flipper-RSocket (= 1.3.1)
  - FlipperKit (= 0.75.1)
  - FlipperKit/Core (= 0.75.1)
  - FlipperKit/CppBridge (= 0.75.1)
  - FlipperKit/FBCxxFollyDynamicConvert (= 0.75.1)
  - FlipperKit/FBDefines (= 0.75.1)
  - FlipperKit/FKPortForwarding (= 0.75.1)
  - FlipperKit/FlipperKitHighlightOverlay (= 0.75.1)
  - FlipperKit/FlipperKitLayoutPlugin (= 0.75.1)
  - FlipperKit/FlipperKitLayoutTextSearchable (= 0.75.1)
  - FlipperKit/FlipperKitNetworkPlugin (= 0.75.1)
  - FlipperKit/FlipperKitReactPlugin (= 0.75.1)
  - FlipperKit/FlipperKitUserDefaultsPlugin (= 0.75.1)
  - FlipperKit/SKIOSNetworkPlugin (= 0.75.1)
  - Folly (from `../node_modules/react-native/third-party-podspecs/Folly.podspec`)
  - glog (from `../node_modules/react-native/third-party-podspecs/glog.podspec`)
  - RCTRequired (from `../node_modules/react-native/Libraries/RCTRequired`)
  - RCTTypeSafety (from `../node_modules/react-native/Libraries/TypeSafety`)
  - React (from `../node_modules/react-native/`)
  - React-callinvoker (from `../node_modules/react-native/ReactCommon/callinvoker`)
  - React-Core (from `../node_modules/react-native/`)
  - React-Core/DevSupport (from `../node_modules/react-native/`)
  - React-Core/RCTWebSocket (from `../node_modules/react-native/`)
  - React-CoreModules (from `../node_modules/react-native/React/CoreModules`)
  - React-cxxreact (from `../node_modules/react-native/ReactCommon/cxxreact`)
  - React-jsi (from `../node_modules/react-native/ReactCommon/jsi`)
  - React-jsiexecutor (from `../node_modules/react-native/ReactCommon/jsiexecutor`)
  - React-jsinspector (from `../node_modules/react-native/ReactCommon/jsinspector`)
  - "react-native-cameraroll (from `../node_modules/@react-native-community/cameraroll`)"
  - react-native-image-picker (from `../node_modules/react-native-image-picker`)
  - "react-native-netinfo (from `../node_modules/@react-native-community/netinfo`)"
  - react-native-photo-view (from `../node_modules/react-native-photo-view`)
  - react-native-safe-area-context (from `../node_modules/react-native-safe-area-context`)
  - react-native-simple-toast (from `../node_modules/react-native-simple-toast`)
  - react-native-webview (from `../node_modules/react-native-webview`)
  - React-RCTActionSheet (from `../node_modules/react-native/Libraries/ActionSheetIOS`)
  - React-RCTAnimation (from `../node_modules/react-native/Libraries/NativeAnimation`)
  - React-RCTBlob (from `../node_modules/react-native/Libraries/Blob`)
  - React-RCTImage (from `../node_modules/react-native/Libraries/Image`)
  - React-RCTLinking (from `../node_modules/react-native/Libraries/LinkingIOS`)
  - React-RCTNetwork (from `../node_modules/react-native/Libraries/Network`)
  - React-RCTSettings (from `../node_modules/react-native/Libraries/Settings`)
  - React-RCTText (from `../node_modules/react-native/Libraries/Text`)
  - React-RCTVibration (from `../node_modules/react-native/Libraries/Vibration`)
  - ReactCommon/turbomodule/core (from `../node_modules/react-native/ReactCommon`)
  - rn-fetch-blob (from `../node_modules/rn-fetch-blob`)
  - "RNCAsyncStorage (from `../node_modules/@react-native-async-storage/async-storage`)"
  - "RNCMaskedView (from `../node_modules/@react-native-community/masked-view`)"
  - "RNCPushNotificationIOS (from `../node_modules/@react-native-community/push-notification-ios`)"
  - RNDeviceInfo (from `../node_modules/react-native-device-info`)
  - RNGestureHandler (from `../node_modules/react-native-gesture-handler`)
  - RNReanimated (from `../node_modules/react-native-reanimated`)
  - "RNSentry (from `../node_modules/@sentry/react-native`)"
  - RNSound (from `../node_modules/react-native-sound`)
  - RNVectorIcons (from `../node_modules/react-native-vector-icons`)
  - UMAppLoader (from `../node_modules/unimodules-app-loader/ios`)
  - "UMCore (from `../node_modules/@unimodules/core/ios`)"
  - "UMReactNativeAdapter (from `../node_modules/@unimodules/react-native-adapter/ios`)"
  - UMTaskManagerInterface (from `../node_modules/unimodules-task-manager-interface/ios`)
  - Yoga (from `../node_modules/react-native/ReactCommon/yoga`)

SPEC REPOS:
  trunk:
    - boost-for-react-native
    - CocoaAsyncSocket
    - Flipper
    - Flipper-DoubleConversion
    - Flipper-Folly
    - Flipper-Glog
    - Flipper-PeerTalk
    - Flipper-RSocket
    - FlipperKit
    - libevent
    - OpenSSL-Universal
    - Sentry
    - Toast
    - YogaKit

EXTERNAL SOURCES:
  DoubleConversion:
    :podspec: "../node_modules/react-native/third-party-podspecs/DoubleConversion.podspec"
  EXAppleAuthentication:
    :path: "../node_modules/expo-apple-authentication/ios"
  EXApplication:
    :path: "../node_modules/expo-application/ios"
  EXConstants:
    :path: "../node_modules/expo-constants/ios"
  EXFileSystem:
    :path: "../node_modules/expo-file-system/ios"
  EXImageLoader:
    :path: "../node_modules/expo-image-loader/ios"
  ExpoModulesCore:
    :path: "../node_modules/expo-modules-core/ios"
  EXScreenOrientation:
    :path: "../node_modules/expo-screen-orientation/ios"
  EXWebBrowser:
    :path: "../node_modules/expo-web-browser/ios"
  FBLazyVector:
    :path: "../node_modules/react-native/Libraries/FBLazyVector"
  FBReactNativeSpec:
    :path: "../node_modules/react-native/Libraries/FBReactNativeSpec"
  Folly:
    :podspec: "../node_modules/react-native/third-party-podspecs/Folly.podspec"
  glog:
    :podspec: "../node_modules/react-native/third-party-podspecs/glog.podspec"
  RCTRequired:
    :path: "../node_modules/react-native/Libraries/RCTRequired"
  RCTTypeSafety:
    :path: "../node_modules/react-native/Libraries/TypeSafety"
  React:
    :path: "../node_modules/react-native/"
  React-callinvoker:
    :path: "../node_modules/react-native/ReactCommon/callinvoker"
  React-Core:
    :path: "../node_modules/react-native/"
  React-CoreModules:
    :path: "../node_modules/react-native/React/CoreModules"
  React-cxxreact:
    :path: "../node_modules/react-native/ReactCommon/cxxreact"
  React-jsi:
    :path: "../node_modules/react-native/ReactCommon/jsi"
  React-jsiexecutor:
    :path: "../node_modules/react-native/ReactCommon/jsiexecutor"
  React-jsinspector:
    :path: "../node_modules/react-native/ReactCommon/jsinspector"
  react-native-cameraroll:
    :path: "../node_modules/@react-native-community/cameraroll"
  react-native-image-picker:
    :path: "../node_modules/react-native-image-picker"
  react-native-netinfo:
    :path: "../node_modules/@react-native-community/netinfo"
  react-native-photo-view:
    :path: "../node_modules/react-native-photo-view"
  react-native-safe-area-context:
    :path: "../node_modules/react-native-safe-area-context"
  react-native-simple-toast:
    :path: "../node_modules/react-native-simple-toast"
  react-native-webview:
    :path: "../node_modules/react-native-webview"
  React-RCTActionSheet:
    :path: "../node_modules/react-native/Libraries/ActionSheetIOS"
  React-RCTAnimation:
    :path: "../node_modules/react-native/Libraries/NativeAnimation"
  React-RCTBlob:
    :path: "../node_modules/react-native/Libraries/Blob"
  React-RCTImage:
    :path: "../node_modules/react-native/Libraries/Image"
  React-RCTLinking:
    :path: "../node_modules/react-native/Libraries/LinkingIOS"
  React-RCTNetwork:
    :path: "../node_modules/react-native/Libraries/Network"
  React-RCTSettings:
    :path: "../node_modules/react-native/Libraries/Settings"
  React-RCTText:
    :path: "../node_modules/react-native/Libraries/Text"
  React-RCTVibration:
    :path: "../node_modules/react-native/Libraries/Vibration"
  ReactCommon:
    :path: "../node_modules/react-native/ReactCommon"
  rn-fetch-blob:
    :path: "../node_modules/rn-fetch-blob"
  RNCAsyncStorage:
    :path: "../node_modules/@react-native-async-storage/async-storage"
  RNCMaskedView:
    :path: "../node_modules/@react-native-community/masked-view"
  RNCPushNotificationIOS:
    :path: "../node_modules/@react-native-community/push-notification-ios"
  RNDeviceInfo:
    :path: "../node_modules/react-native-device-info"
  RNGestureHandler:
    :path: "../node_modules/react-native-gesture-handler"
  RNReanimated:
    :path: "../node_modules/react-native-reanimated"
  RNSentry:
    :path: "../node_modules/@sentry/react-native"
  RNSound:
    :path: "../node_modules/react-native-sound"
  RNVectorIcons:
    :path: "../node_modules/react-native-vector-icons"
  UMAppLoader:
    :path: "../node_modules/unimodules-app-loader/ios"
  UMCore:
    :path: "../node_modules/@unimodules/core/ios"
  UMReactNativeAdapter:
    :path: "../node_modules/@unimodules/react-native-adapter/ios"
  UMTaskManagerInterface:
    :path: "../node_modules/unimodules-task-manager-interface/ios"
  Yoga:
    :path: "../node_modules/react-native/ReactCommon/yoga"

SPEC CHECKSUMS:
  boost-for-react-native: 39c7adb57c4e60d6c5479dd8623128eb5b3f0f2c
  CocoaAsyncSocket: 065fd1e645c7abab64f7a6a2007a48038fdc6a99
  DoubleConversion: cde416483dac037923206447da6e1454df403714
  EXAppleAuthentication: e8c537fcbe80670dd76fde7a07acb94af70ada00
  EXApplication: 9ff2a206009d6e55bca6c20b3f33d07986b51ef3
  EXConstants: 3babb61f8f4bb7dffe85b8b7d6eaa31d903e4d7e
  EXFileSystem: 0a04aba8da751b9ac954065911bcf166503f8267
  EXImageLoader: d3531a3fe530b22925c19977cb53bb43e3821fe6
  ExpoModulesCore: 2734852616127a6c1fc23012197890a6f3763dc7
  EXScreenOrientation: d94f791c7ade3639352f34fcf5353f7c554b7d69
  EXWebBrowser: 76783ba5dcb8699237746ecf41a9643d428a4cc5
  FBLazyVector: 3bb422f41b18121b71783a905c10e58606f7dc3e
  FBReactNativeSpec: f2c97f2529dd79c083355182cc158c9f98f4bd6e
  Flipper: d3da1aa199aad94455ae725e9f3aa43f3ec17021
  Flipper-DoubleConversion: 38631e41ef4f9b12861c67d17cb5518d06badc41
  Flipper-Folly: 755929a4f851b2fb2c347d533a23f191b008554c
  Flipper-Glog: 1dfd6abf1e922806c52ceb8701a3599a79a200a6
  Flipper-PeerTalk: 116d8f857dc6ef55c7a5a75ea3ceaafe878aadc9
  Flipper-RSocket: 127954abe8b162fcaf68d2134d34dc2bd7076154
  FlipperKit: 8a20b5c5fcf9436cac58551dc049867247f64b00
  Folly: b73c3869541e86821df3c387eb0af5f65addfab4
  glog: 40a13f7840415b9a77023fbcae0f1e6f43192af3
  libevent: 4049cae6c81cdb3654a443be001fb9bdceff7913
  OpenSSL-Universal: 1aa4f6a6ee7256b83db99ec1ccdaa80d10f9af9b
  RCTRequired: 082f10cd3f905d6c124597fd1c14f6f2655ff65e
  RCTTypeSafety: 8c9c544ecbf20337d069e4ae7fd9a377aadf504b
  React: b0a957a2c44da4113b0c4c9853d8387f8e64e615
  React-callinvoker: c3f44dd3cb195b6aa46621fff95ded79d59043fe
  React-Core: d3b2a1ac9a2c13c3bcde712d9281fc1c8a5b315b
  React-CoreModules: 0581ff36cb797da0943d424f69e7098e43e9be60
  React-cxxreact: c1480d4fda5720086c90df537ee7d285d4c57ac3
  React-jsi: a0418934cf48f25b485631deb27c64dc40fb4c31
  React-jsiexecutor: 93bd528844ad21dc07aab1c67cb10abae6df6949
  React-jsinspector: 58aef7155bc9a9683f5b60b35eccea8722a4f53a
  react-native-cameraroll: 88f4e62d9ecd0e1f253abe4f685474f2ea14bfa2
  react-native-image-picker: c6d75c4ab2cf46f9289f341242b219cb3c1180d3
  react-native-netinfo: 30fb89fa913c342be82a887b56e96be6d71201dd
  react-native-photo-view: 63e9e61da873531f931008b545d8d10c5373ddf8
  react-native-safe-area-context: f0906bf8bc9835ac9a9d3f97e8bde2a997d8da79
  react-native-simple-toast: bf002828cf816775a6809f7a9ec3907509bce11f
  react-native-webview: 2e8fe70dc32b50d3231c23043f8e8b5a5525d346
  React-RCTActionSheet: 89a0ca9f4a06c1f93c26067af074ccdce0f40336
  React-RCTAnimation: 1bde3ecc0c104c55df246eda516e0deb03c4e49b
  React-RCTBlob: a97d378b527740cc667e03ebfa183a75231ab0f0
  React-RCTImage: c1b1f2d3f43a4a528c8946d6092384b5c880d2f0
  React-RCTLinking: 35ae4ab9dc0410d1fcbdce4d7623194a27214fb2
  React-RCTNetwork: 29ec2696f8d8cfff7331fac83d3e893c95ef43ae
  React-RCTSettings: 60f0691bba2074ef394f95d4c2265ec284e0a46a
  React-RCTText: 5c51df3f08cb9dedc6e790161195d12bac06101c
  React-RCTVibration: ae4f914cfe8de7d4de95ae1ea6cc8f6315d73d9d
  ReactCommon: 73d79c7039f473b76db6ff7c6b159c478acbbb3b
  rn-fetch-blob: f525a73a78df9ed5d35e67ea65e79d53c15255bc
  RNCAsyncStorage: 56a3355a10b5d660c48c6e37325ac85ebfd09885
  RNCMaskedView: 0e1bc4bfa8365eba5fbbb71e07fbdc0555249489
  RNCPushNotificationIOS: 61a7c72bd1ebad3568025957d001e0f0e7b32191
  RNDeviceInfo: ace1442cd0f7d01292a39a3b587666177eaf8cb0
  RNGestureHandler: a479ebd5ed4221a810967000735517df0d2db211
  RNReanimated: 514a11da3a2bcc6c3dfd9de32b38e2b9bf101926
  RNSentry: a2b02b326ae4fce91ce7c57d3f7dcf8df4f72269
  RNSound: da030221e6ac7e8290c6b43f2b5f2133a8e225b0
  RNVectorIcons: da6fe858f5a65d7bbc3379540a889b0b12aa5976
  Sentry: 89d26e036063b9cb9caa59b6951dd2f8277aa13b
  Toast: 91b396c56ee72a5790816f40d3a94dd357abc196
  UMAppLoader: 21af63390e55c82e037fb9752d93114a80ecf16e
  UMCore: 2f671796d7439604a1cf8ac7bbe5809cd5c50437
  UMReactNativeAdapter: f808906d586a16cebdc3844d86e1bdb8f114a873
  UMTaskManagerInterface: 2be431101b73604e64fbfffcf759336f9d8fccbb
  Yoga: 4bd86afe9883422a7c4028c00e34790f560923d6
  YogaKit: f782866e155069a2cca2517aafea43200b01fd5a

PODFILE CHECKSUM: 077a5c903f86101e2a45b7617f70b913cc44f652

COCOAPODS: 1.10.1
